
Microsoft Visual Studio Solution File, Format Version 12.00
# Visual Studio Version 16
VisualStudioVersion = 16.0.31402.337
MinimumVisualStudioVersion = 10.0.40219.1
Project("{9A19103F-16F7-4668-BE54-9A1E7A4F7556}") = "CoolestFlashCardAppEver", "CoolestFlashCardAppEver.csproj", "{BEB2AC4B-FAF0-4A07-BD4A-C00F7FDBDC3B}"
EndProject
Global
	GlobalSection(SolutionConfigurationPlatforms) = preSolution
		Debug|Any CPU = Debug|Any CPU
		Release|Any CPU = Release|Any CPU
	EndGlobalSection
	GlobalSection(ProjectConfigurationPlatforms) = postSolution
		{BEB2AC4B-FAF0-4A07-BD4A-C00F7FDBDC3B}.Debug|Any CPU.ActiveCfg = Debug|Any CPU
		{BEB2AC4B-FAF0-4A07-BD4A-C00F7FDBDC3B}.Debug|Any CPU.Build.0 = Debug|Any CPU
		{BEB2AC4B-FAF0-4A07-BD4A-C00F7FDBDC3B}.Release|Any CPU.ActiveCfg = Release|Any CPU
		{BEB2AC4B-FAF0-4A07-BD4A-C00F7FDBDC3B}.Release|Any CPU.Build.0 = Release|Any CPU
	EndGlobalSection
	GlobalSection(SolutionProperties) = preSolution
		HideSolutionNode = FALSE
	EndGlobalSection
	GlobalSection(ExtensibilityGlobals) = postSolution
		SolutionGuid = {3CE46F3B-7502-4E85-90DB-28073E59FA74}
	EndGlobalSection
EndGlobal
